
Microsoft Visual Studio Solution File, Format Version 12.00
# Visual Studio Version 17
VisualStudioVersion = 17.13.36105.23
MinimumVisualStudioVersion = 10.0.40219.1
Project("{8BC9CEB8-8B4A-11D0-8D11-00A0C91BC942}") = "Ember", "Ember\Ember.vcxproj", "{11EAEADB-E456-42D6-A022-7D2093C6AF72}"
EndProject
Global
	GlobalSection(SolutionConfigurationPlatforms) = preSolution
		Debug|x64 = Debug|x64
		Debug|x86 = Debug|x86
		RelDebug|x64 = RelDebug|x64
		RelDebug|x86 = RelDebug|x86
		Release|x64 = Release|x64
		Release|x86 = Release|x86
		RenderDoc_Compat|x64 = RenderDoc_Compat|x64
		RenderDoc_Compat|x86 = RenderDoc_Compat|x86
	EndGlobalSection
	GlobalSection(ProjectConfigurationPlatforms) = postSolution
		{11EAEADB-E456-42D6-A022-7D2093C6AF72}.Debug|x64.ActiveCfg = Debug|x64
		{11EAEADB-E456-42D6-A022-7D2093C6AF72}.Debug|x64.Build.0 = Debug|x64
		{11EAEADB-E456-42D6-A022-7D2093C6AF72}.Debug|x86.ActiveCfg = Debug|Win32
		{11EAEADB-E456-42D6-A022-7D2093C6AF72}.Debug|x86.Build.0 = Debug|Win32
		{11EAEADB-E456-42D6-A022-7D2093C6AF72}.RelDebug|x64.ActiveCfg = RelDebug|x64
		{11EAEADB-E456-42D6-A022-7D2093C6AF72}.RelDebug|x64.Build.0 = RelDebug|x64
		{11EAEADB-E456-42D6-A022-7D2093C6AF72}.RelDebug|x86.ActiveCfg = RelDebug|Win32
		{11EAEADB-E456-42D6-A022-7D2093C6AF72}.RelDebug|x86.Build.0 = RelDebug|Win32
		{11EAEADB-E456-42D6-A022-7D2093C6AF72}.Release|x64.ActiveCfg = Release|x64
		{11EAEADB-E456-42D6-A022-7D2093C6AF72}.Release|x64.Build.0 = Release|x64
		{11EAEADB-E456-42D6-A022-7D2093C6AF72}.Release|x86.ActiveCfg = Release|Win32
		{11EAEADB-E456-42D6-A022-7D2093C6AF72}.Release|x86.Build.0 = Release|Win32
		{11EAEADB-E456-42D6-A022-7D2093C6AF72}.RenderDoc_Compat|x64.ActiveCfg = RenderDoc_Compat|x64
		{11EAEADB-E456-42D6-A022-7D2093C6AF72}.RenderDoc_Compat|x64.Build.0 = RenderDoc_Compat|x64
		{11EAEADB-E456-42D6-A022-7D2093C6AF72}.RenderDoc_Compat|x86.ActiveCfg = RenderDoc_Compat|Win32
		{11EAEADB-E456-42D6-A022-7D2093C6AF72}.RenderDoc_Compat|x86.Build.0 = RenderDoc_Compat|Win32
	EndGlobalSection
	GlobalSection(SolutionProperties) = preSolution
		HideSolutionNode = FALSE
	EndGlobalSection
	GlobalSection(ExtensibilityGlobals) = postSolution
		SolutionGuid = {7A124CEC-2B39-4597-958D-CE91E9C27764}
	EndGlobalSection
EndGlobal
