<?xml version="1.0" encoding="utf-8"?>
<Project ToolsVersion="4.0" xmlns="http://schemas.microsoft.com/developer/msbuild/2003">
  <ItemGroup>
    <Filter Include="Source Files">
      <UniqueIdentifier>{4FC737F1-C7A5-4376-A066-2A32D752A2FF}</UniqueIdentifier>
      <Extensions>cpp;c;cc;cxx;c++;cppm;ixx;def;odl;idl;hpj;bat;asm;asmx</Extensions>
    </Filter>
    <Filter Include="Header Files">
      <UniqueIdentifier>{93995380-89BD-4b04-88EB-625FBE52EBFB}</UniqueIdentifier>
      <Extensions>h;hh;hpp;hxx;h++;hm;inl;inc;ipp;xsd</Extensions>
    </Filter>
    <Filter Include="Resource Files">
      <UniqueIdentifier>{67DA6AB6-F800-4c08-8B7A-83BB121AAD01}</UniqueIdentifier>
      <Extensions>rc;ico;cur;bmp;dlg;rc2;rct;bin;rgs;gif;jpg;jpeg;jpe;resx;tiff;tif;png;wav;mfcribbon-ms</Extensions>
    </Filter>
    <Filter Include="Resource Files\Config">
      <UniqueIdentifier>{52131402-d9ee-4ad9-89cf-f0e76e13d180}</UniqueIdentifier>
    </Filter>
    <Filter Include="Shaders">
      <UniqueIdentifier>{6ebb7bb3-b9d2-4732-9069-cc6c9c511227}</UniqueIdentifier>
    </Filter>
    <Filter Include="Header Files\Util">
      <UniqueIdentifier>{7cb7b81c-6fba-438e-af55-3368f4ad66ff}</UniqueIdentifier>
    </Filter>
    <Filter Include="Source Files\Util">
      <UniqueIdentifier>{fc249c3a-6ef3-43b0-908c-1daea7dce634}</UniqueIdentifier>
    </Filter>
    <Filter Include="Header Files\Scene">
      <UniqueIdentifier>{b7e96d19-cd0a-4446-9eb4-16303b95372c}</UniqueIdentifier>
    </Filter>
    <Filter Include="Source Files\Scene">
      <UniqueIdentifier>{78e396d5-b0be-4305-b5ae-075ea9209dcb}</UniqueIdentifier>
    </Filter>
    <Filter Include="Resource Files\Assets">
      <UniqueIdentifier>{a9146c61-c173-4d21-a1a4-d106e9edc83c}</UniqueIdentifier>
    </Filter>
    <Filter Include="Header Files\Graphics">
      <UniqueIdentifier>{8f5eb4cc-9c27-44e1-be6e-07b3e799b195}</UniqueIdentifier>
    </Filter>
    <Filter Include="Source Files\Graphics">
      <UniqueIdentifier>{85ce07da-36fa-4e71-8747-84a6579a74ac}</UniqueIdentifier>
    </Filter>
    <Filter Include="Source Files\Resources">
      <UniqueIdentifier>{f75ef165-5c2d-4b1b-ba6e-fcba641e1d15}</UniqueIdentifier>
    </Filter>
    <Filter Include="Header Files\Resources">
      <UniqueIdentifier>{703a95d3-f874-457e-8d9a-08207f4f1b83}</UniqueIdentifier>
    </Filter>
    <Filter Include="Shaders\IBL">
      <UniqueIdentifier>{0cf9a7d1-17b5-47ca-a7bf-1487b3801c13}</UniqueIdentifier>
    </Filter>
    <Filter Include="Resource Files\Assets\Environment">
      <UniqueIdentifier>{80e73104-2be7-41de-aa80-443053321e2d}</UniqueIdentifier>
    </Filter>
    <Filter Include="Resource Files\Assets\Scenes">
      <UniqueIdentifier>{3f1b6069-d8a4-48b7-a470-d65aa5217a43}</UniqueIdentifier>
    </Filter>
    <Filter Include="Shaders\Shadows">
      <UniqueIdentifier>{19b95aa5-3537-429c-84f2-4fd0eea82243}</UniqueIdentifier>
    </Filter>
    <Filter Include="Header Files\Debug">
      <UniqueIdentifier>{33be62f3-5eec-43bf-8b2e-8720ea67d57b}</UniqueIdentifier>
    </Filter>
    <Filter Include="Shaders\Utils">
      <UniqueIdentifier>{e5054b06-327b-4e25-86de-082460938480}</UniqueIdentifier>
    </Filter>
  </ItemGroup>
  <ItemGroup>
    <ClCompile Include="Main.cpp">
      <Filter>Source Files</Filter>
    </ClCompile>
    <ClCompile Include="Util\PerfCounter.cpp">
      <Filter>Source Files\Util</Filter>
    </ClCompile>
    <ClCompile Include="Util\FreeList.cpp">
      <Filter>Source Files\Util</Filter>
    </ClCompile>
    <ClCompile Include="BasicApp.cpp">
      <Filter>Source Files</Filter>
    </ClCompile>
    <ClCompile Include="IApp.cpp">
      <Filter>Source Files</Filter>
    </ClCompile>
    <ClCompile Include="ObjectPool.cpp">
      <Filter>Source Files\Scene</Filter>
    </ClCompile>
    <ClCompile Include="Scene.cpp">
      <Filter>Source Files\Scene</Filter>
    </ClCompile>
    <ClCompile Include="BindlessManager.cpp">
      <Filter>Source Files\Graphics</Filter>
    </ClCompile>
    <ClCompile Include="Buffer.cpp">
      <Filter>Source Files\Graphics</Filter>
    </ClCompile>
    <ClCompile Include="Context.cpp">
      <Filter>Source Files\Graphics</Filter>
    </ClCompile>
    <ClCompile Include="RenderDevice.cpp">
      <Filter>Source Files\Graphics</Filter>
    </ClCompile>
    <ClCompile Include="Util\ScopedHandle.cpp">
      <Filter>Source Files\Graphics</Filter>
    </ClCompile>
    <ClCompile Include="Texture.cpp">
      <Filter>Source Files\Graphics</Filter>
    </ClCompile>
    <ClCompile Include="TextureLoader.cpp">
      <Filter>Source Files\Resources</Filter>
    </ClCompile>
    <ClCompile Include="ModelLoader.cpp">
      <Filter>Source Files\Resources</Filter>
    </ClCompile>
    <ClCompile Include="CgltfImpl.cpp">
      <Filter>Source Files\Util</Filter>
    </ClCompile>
    <ClCompile Include="ResourceTracker.cpp">
      <Filter>Source Files\Graphics</Filter>
    </ClCompile>
    <ClCompile Include="Environment.cpp">
      <Filter>Source Files\Scene</Filter>
    </ClCompile>
    <ClCompile Include="Camera.cpp">
      <Filter>Source Files\Scene</Filter>
    </ClCompile>
    <ClCompile Include="OmniLightManager.cpp">
      <Filter>Source Files\Scene</Filter>
    </ClCompile>
    <ClCompile Include="RenderTargetManager.cpp">
      <Filter>Source Files\Graphics</Filter>
    </ClCompile>
    <ClCompile Include="LightHandle.cpp">
      <Filter>Source Files\Scene</Filter>
    </ClCompile>
    <ClCompile Include="LightManager.cpp">
      <Filter>Source Files\Scene</Filter>
    </ClCompile>
    <ClCompile Include="DirectionLightManager.cpp">
      <Filter>Source Files\Scene</Filter>
    </ClCompile>
  </ItemGroup>
  <ItemGroup>
    <ClInclude Include="Util\PerfCounter.hpp">
      <Filter>Header Files\Util</Filter>
    </ClInclude>
    <ClInclude Include="Util\DirectXHeaders.hpp">
      <Filter>Header Files\Util</Filter>
    </ClInclude>
    <ClInclude Include="Util\FreeList.hpp">
      <Filter>Header Files\Util</Filter>
    </ClInclude>
    <ClInclude Include="Util\HelperUtils.hpp">
      <Filter>Header Files\Util</Filter>
    </ClInclude>
    <ClInclude Include="Util\Runtime.hpp">
      <Filter>Header Files\Util</Filter>
    </ClInclude>
    <ClInclude Include="Util\ScopedHandle.hpp">
      <Filter>Header Files\Util</Filter>
    </ClInclude>
    <ClInclude Include="BasicApp.hpp">
      <Filter>Header Files</Filter>
    </ClInclude>
    <ClInclude Include="IApp.hpp">
      <Filter>Header Files</Filter>
    </ClInclude>
    <ClInclude Include="Util\DataUtil.hpp">
      <Filter>Header Files\Util</Filter>
    </ClInclude>
    <ClInclude Include="Scene.hpp">
      <Filter>Header Files\Scene</Filter>
    </ClInclude>
    <ClInclude Include="ObjectPool.hpp">
      <Filter>Header Files\Scene</Filter>
    </ClInclude>
    <ClInclude Include="BindlessHandle.hpp">
      <Filter>Header Files\Graphics</Filter>
    </ClInclude>
    <ClInclude Include="BindlessManager.hpp">
      <Filter>Header Files\Graphics</Filter>
    </ClInclude>
    <ClInclude Include="Buffer.hpp">
      <Filter>Header Files\Graphics</Filter>
    </ClInclude>
    <ClInclude Include="Context.hpp">
      <Filter>Header Files\Graphics</Filter>
    </ClInclude>
    <ClInclude Include="Texture.hpp">
      <Filter>Header Files\Graphics</Filter>
    </ClInclude>
    <ClInclude Include="RenderDevice.hpp">
      <Filter>Header Files\Graphics</Filter>
    </ClInclude>
    <ClInclude Include="TextureLoader.hpp">
      <Filter>Header Files\Resources</Filter>
    </ClInclude>
    <ClInclude Include="ModelLoader.hpp">
      <Filter>Header Files\Resources</Filter>
    </ClInclude>
    <ClInclude Include="Color.hpp">
      <Filter>Header Files\Graphics</Filter>
    </ClInclude>
    <ClInclude Include="ResourceTracker.hpp">
      <Filter>Header Files\Graphics</Filter>
    </ClInclude>
    <ClInclude Include="Environment.hpp">
      <Filter>Header Files\Scene</Filter>
    </ClInclude>
    <ClInclude Include="OmniLightManager.hpp">
      <Filter>Header Files\Scene</Filter>
    </ClInclude>
    <ClInclude Include="Camera.hpp">
      <Filter>Header Files\Scene</Filter>
    </ClInclude>
    <ClInclude Include="DebugInfo.hpp">
      <Filter>Header Files\Debug</Filter>
    </ClInclude>
    <ClInclude Include="Util\FlatMap.hpp">
      <Filter>Header Files\Util</Filter>
    </ClInclude>
    <ClInclude Include="Util\Profiling.hpp">
      <Filter>Header Files\Util</Filter>
    </ClInclude>
    <ClInclude Include="RenderTargetManager.hpp">
      <Filter>Header Files\Graphics</Filter>
    </ClInclude>
    <ClInclude Include="LightHandle.hpp">
      <Filter>Header Files\Scene</Filter>
    </ClInclude>
    <ClInclude Include="LightManager.hpp">
      <Filter>Header Files\Scene</Filter>
    </ClInclude>
    <ClInclude Include="DirectionLightManager.hpp">
      <Filter>Header Files\Scene</Filter>
    </ClInclude>
  </ItemGroup>
  <ItemGroup>
    <None Include="..\.clang-format">
      <Filter>Resource Files\Config</Filter>
    </None>
    <None Include="..\vcpkg.json">
      <Filter>Resource Files\Config</Filter>
    </None>
    <None Include="..\.gitignore">
      <Filter>Resource Files\Config</Filter>
    </None>
    <None Include="PLAN.md">
      <Filter>Resource Files</Filter>
    </None>
    <None Include="Triangle.hlsli">
      <Filter>Shaders</Filter>
    </None>
    <None Include="PBR.hlsli">
      <Filter>Shaders</Filter>
    </None>
    <None Include="IBLCommon.hlsli">
      <Filter>Shaders\IBL</Filter>
    </None>
    <None Include="OmniShadow.hlsli">
      <Filter>Shaders\Shadows</Filter>
    </None>
    <None Include="Bindless.hlsli">
      <Filter>Shaders\Utils</Filter>
    </None>
    <None Include="Colors.hlsli">
      <Filter>Shaders\Utils</Filter>
    </None>
    <None Include="Utility.hlsli">
      <Filter>Shaders\Utils</Filter>
    </None>
    <None Include="LightData.hlsli">
      <Filter>Shaders\Shadows</Filter>
    </None>
  </ItemGroup>
  <ItemGroup>
    <FxCompile Include="TriangleVS.hlsl">
      <Filter>Shaders</Filter>
    </FxCompile>
    <FxCompile Include="TrianglePS.hlsl">
      <Filter>Shaders</Filter>
    </FxCompile>
    <FxCompile Include="MipMap.hlsl">
      <Filter>Shaders</Filter>
    </FxCompile>
    <FxCompile Include="EqrectToCube.hlsl">
      <Filter>Shaders\IBL</Filter>
    </FxCompile>
    <FxCompile Include="DiffuseIrradiance.hlsl">
      <Filter>Shaders\IBL</Filter>
    </FxCompile>
    <FxCompile Include="Prefilter.hlsl">
      <Filter>Shaders\IBL</Filter>
    </FxCompile>
    <FxCompile Include="BrdfLUT.hlsl">
      <Filter>Shaders\IBL</Filter>
    </FxCompile>
    <FxCompile Include="MipMapCube.hlsl">
      <Filter>Shaders</Filter>
    </FxCompile>
    <FxCompile Include="BackgroundPS.hlsl">
      <Filter>Shaders</Filter>
    </FxCompile>
    <FxCompile Include="BackgroundVS.hlsl">
      <Filter>Shaders</Filter>
    </FxCompile>
    <FxCompile Include="OmniShadowVS.hlsl">
      <Filter>Shaders\Shadows</Filter>
    </FxCompile>
    <FxCompile Include="OmniShadowPS.hlsl">
      <Filter>Shaders\Shadows</Filter>
    </FxCompile>
    <FxCompile Include="DirShadowVS.hlsl">
      <Filter>Shaders\Shadows</Filter>
    </FxCompile>
    <FxCompile Include="DirShadowPS.hlsl">
      <Filter>Shaders\Shadows</Filter>
    </FxCompile>
  </ItemGroup>
  <ItemGroup>
    <CopyFileToFolders Include="Assets\container2.png">
      <Filter>Resource Files\Assets</Filter>
    </CopyFileToFolders>
    <CopyFileToFolders Include="Assets\PhotoStudioLoft.hdr">
      <Filter>Resource Files\Assets\Environment</Filter>
    </CopyFileToFolders>
    <CopyFileToFolders Include="Assets\DresdenStationNight.hdr">
      <Filter>Resource Files\Assets\Environment</Filter>
    </CopyFileToFolders>
    <CopyFileToFolders Include="Assets\OvercastSoil.hdr">
      <Filter>Resource Files\Assets\Environment</Filter>
    </CopyFileToFolders>
    <CopyFileToFolders Include="Assets\PrellerDrive.hdr">
      <Filter>Resource Files\Assets\Environment</Filter>
    </CopyFileToFolders>
    <CopyFileToFolders Include="Assets\ShanghaiBund.hdr">
      <Filter>Resource Files\Assets\Environment</Filter>
    </CopyFileToFolders>
    <CopyFileToFolders Include="Assets\BoomBoxWithAxes.glb">
      <Filter>Resource Files\Assets\Scenes</Filter>
    </CopyFileToFolders>
    <CopyFileToFolders Include="Assets\Box.glb">
      <Filter>Resource Files\Assets\Scenes</Filter>
    </CopyFileToFolders>
    <CopyFileToFolders Include="Assets\BoxTextured.glb">
      <Filter>Resource Files\Assets\Scenes</Filter>
    </CopyFileToFolders>
    <CopyFileToFolders Include="Assets\CompareRoughness.glb">
      <Filter>Resource Files\Assets\Scenes</Filter>
    </CopyFileToFolders>
    <CopyFileToFolders Include="Assets\DamagedHelmet.glb">
      <Filter>Resource Files\Assets\Scenes</Filter>
    </CopyFileToFolders>
    <CopyFileToFolders Include="Assets\MetalRoughSpheres.glb">
      <Filter>Resource Files\Assets\Scenes</Filter>
    </CopyFileToFolders>
    <CopyFileToFolders Include="Assets\OrientationTest.glb">
      <Filter>Resource Files\Assets\Scenes</Filter>
    </CopyFileToFolders>
    <CopyFileToFolders Include="Assets\Sponza.glb">
      <Filter>Resource Files\Assets\Scenes</Filter>
    </CopyFileToFolders>
    <CopyFileToFolders Include="Assets\Bistro.glb">
      <Filter>Resource Files\Assets\Scenes</Filter>
    </CopyFileToFolders>
    <CopyFileToFolders Include="Assets\VirtualCity.glb">
      <Filter>Resource Files\Assets\Scenes</Filter>
    </CopyFileToFolders>
    <CopyFileToFolders Include="Assets\NormalTangentTest.glb">
      <Filter>Resource Files\Assets\Scenes</Filter>
    </CopyFileToFolders>
    <CopyFileToFolders Include="Assets\NormalTangentMirrorTest.glb">
      <Filter>Resource Files\Assets\Scenes</Filter>
    </CopyFileToFolders>
  </ItemGroup>
  <ItemGroup>
    <Image Include="Assets\checkerboard.png">
      <Filter>Resource Files</Filter>
    </Image>
  </ItemGroup>
</Project>